<?xml version="1.0" encoding="utf-8"?>
<Project ToolsVersion="4.0" xmlns="http://schemas.microsoft.com/developer/msbuild/2003">
  <ItemGroup>
    <Filter Include="Fichiers sources">
      <UniqueIdentifier>{4FC737F1-C7A5-4376-A066-2A32D752A2FF}</UniqueIdentifier>
      <Extensions>cpp;c;cc;cxx;def;odl;idl;hpj;bat;asm;asmx</Extensions>
    </Filter>
    <Filter Include="Fichiers d%27en-tête">
      <UniqueIdentifier>{93995380-89BD-4b04-88EB-625FBE52EBFB}</UniqueIdentifier>
      <Extensions>h;hh;hpp;hxx;hm;inl;inc;xsd</Extensions>
    </Filter>
    <Filter Include="Fichiers de ressources">
      <UniqueIdentifier>{67DA6AB6-F800-4c08-8B7A-83BB121AAD01}</UniqueIdentifier>
      <Extensions>rc;ico;cur;bmp;dlg;rc2;rct;bin;rgs;gif;jpg;jpeg;jpe;resx;tiff;tif;png;wav;mfcribbon-ms</Extensions>
    </Filter>
    <Filter Include="Fichiers sources\PathPlanning">
      <UniqueIdentifier>{79053df9-0a6c-4f5e-8f76-c812ce392a88}</UniqueIdentifier>
    </Filter>
    <Filter Include="Fichiers d%27en-tête\PathPlanning">
      <UniqueIdentifier>{c0e3f993-ee85-434b-bcc8-b5995fb4df45}</UniqueIdentifier>
    </Filter>
    <Filter Include="pthreads">
      <UniqueIdentifier>{f27805c7-eed6-4334-9c54-6648025d0bc6}</UniqueIdentifier>
    </Filter>
    <Filter Include="MecapitronicLibrary">
      <UniqueIdentifier>{b380b354-f083-43e6-8827-5ba294f0377a}</UniqueIdentifier>
    </Filter>
    <Filter Include="MecapitronicLibrary\Includes">
      <UniqueIdentifier>{b1c8a1bd-ddcb-47d3-8b93-76d5177444d0}</UniqueIdentifier>
    </Filter>
    <Filter Include="MecapitronicLibrary\Sources">
      <UniqueIdentifier>{0e661d33-02ef-42ac-b3bf-51bf804e7b22}</UniqueIdentifier>
    </Filter>
  </ItemGroup>
  <ItemGroup>
    <ClInclude Include="pilot.x\Obstacle.h">
      <Filter>Fichiers d%27en-tête</Filter>
    </ClInclude>
    <ClInclude Include="pilot.x\Odometry.h">
      <Filter>Fichiers d%27en-tête</Filter>
    </ClInclude>
    <ClInclude Include="pilot.x\PILOT_hardware.h">
      <Filter>Fichiers d%27en-tête</Filter>
    </ClInclude>
    <ClInclude Include="pilot.x\PILOT_main.h">
      <Filter>Fichiers d%27en-tête</Filter>
    </ClInclude>
    <ClInclude Include="pilot.x\Strategy.h">
      <Filter>Fichiers d%27en-tête</Filter>
    </ClInclude>
    <ClInclude Include="pilot.x\Timer.h">
      <Filter>Fichiers d%27en-tête</Filter>
    </ClInclude>
    <ClInclude Include="pilot.x\Trajectory.h">
      <Filter>Fichiers d%27en-tête</Filter>
    </ClInclude>
    <ClInclude Include="pilot.x\Action.h">
      <Filter>Fichiers d%27en-tête</Filter>
    </ClInclude>
    <ClInclude Include="pilot.x\Asserv.h">
      <Filter>Fichiers d%27en-tête</Filter>
    </ClInclude>
    <ClInclude Include="pilot.x\Motor.h">
      <Filter>Fichiers d%27en-tête</Filter>
    </ClInclude>
    <ClInclude Include="pilot.x\List.h">
      <Filter>Fichiers d%27en-tête\PathPlanning</Filter>
    </ClInclude>
    <ClInclude Include="pilot.x\Node.h">
      <Filter>Fichiers d%27en-tête\PathPlanning</Filter>
    </ClInclude>
    <ClInclude Include="pilot.x\Path_Finding.h">
      <Filter>Fichiers d%27en-tête\PathPlanning</Filter>
    </ClInclude>
    <ClInclude Include="pilot.x\Mapping.h">
      <Filter>Fichiers d%27en-tête\PathPlanning</Filter>
    </ClInclude>
    <ClInclude Include="Firmware.h" />
    <ClInclude Include="pilot.x\Uart.h">
      <Filter>Fichiers d%27en-tête</Filter>
    </ClInclude>
    <ClInclude Include="Serial.h" />
    <ClInclude Include="pilot.x\Lidar.h">
      <Filter>Fichiers d%27en-tête</Filter>
    </ClInclude>
    <ClInclude Include="pthreads-win32\include\pthread.h">
      <Filter>Fichiers d%27en-tête</Filter>
    </ClInclude>
    <ClInclude Include="pthreads\include\pthread.h">
      <Filter>pthreads</Filter>
    </ClInclude>
    <ClInclude Include="pthreads\include\sched.h">
      <Filter>pthreads</Filter>
    </ClInclude>
    <ClInclude Include="pthreads\include\semaphore.h">
      <Filter>pthreads</Filter>
    </ClInclude>
    <ClInclude Include="pthreads\include\_ptw32.h">
      <Filter>pthreads</Filter>
    </ClInclude>
    <ClInclude Include="MecapitronicLibrary\Includes\LCD_HD44780_module.h">
      <Filter>MecapitronicLibrary\Includes</Filter>
    </ClInclude>
    <ClInclude Include="MecapitronicLibrary\Includes\LIBRARY_module.h">
      <Filter>MecapitronicLibrary\Includes</Filter>
    </ClInclude>
    <ClInclude Include="MecapitronicLibrary\Includes\MATH_module.h">
      <Filter>MecapitronicLibrary\Includes</Filter>
    </ClInclude>
    <ClInclude Include="MecapitronicLibrary\Includes\MOVE_module.h">
      <Filter>MecapitronicLibrary\Includes</Filter>
    </ClInclude>
    <ClInclude Include="MecapitronicLibrary\Includes\p33FJ128MC804.h">
      <Filter>MecapitronicLibrary\Includes</Filter>
    </ClInclude>
    <ClInclude Include="MecapitronicLibrary\Includes\PID_module.h">
      <Filter>MecapitronicLibrary\Includes</Filter>
    </ClInclude>
    <ClInclude Include="MecapitronicLibrary\Includes\SPI_module.h">
      <Filter>MecapitronicLibrary\Includes</Filter>
    </ClInclude>
    <ClInclude Include="MecapitronicLibrary\Includes\Structure.h">
      <Filter>MecapitronicLibrary\Includes</Filter>
    </ClInclude>
    <ClInclude Include="MecapitronicLibrary\Includes\ADC_module.h">
      <Filter>MecapitronicLibrary\Includes</Filter>
    </ClInclude>
    <ClInclude Include="MecapitronicLibrary\Includes\DELAY_module.h">
      <Filter>MecapitronicLibrary\Includes</Filter>
    </ClInclude>
    <ClInclude Include="MecapitronicLibrary\Includes\dsPIC.h">
      <Filter>MecapitronicLibrary\Includes</Filter>
    </ClInclude>
    <ClInclude Include="MecapitronicLibrary\Includes\I2C_module.h">
      <Filter>MecapitronicLibrary\Includes</Filter>
    </ClInclude>
    <ClInclude Include="MecapitronicLibrary\Includes\LCD_Custom_Character.h">
      <Filter>MecapitronicLibrary\Includes</Filter>
    </ClInclude>
    <ClInclude Include="pilot.x\Sharp.h">
      <Filter>Fichiers d%27en-tête</Filter>
    </ClInclude>
  </ItemGroup>
  <ItemGroup>
    <ClCompile Include="pilot.x\Action.c">
      <Filter>Fichiers sources</Filter>
    </ClCompile>
    <ClCompile Include="pilot.x\Asserv.c">
      <Filter>Fichiers sources</Filter>
    </ClCompile>
    <ClCompile Include="pilot.x\I2C_message.c">
      <Filter>Fichiers sources</Filter>
    </ClCompile>
    <ClCompile Include="pilot.x\Motor.c">
      <Filter>Fichiers sources</Filter>
    </ClCompile>
    <ClCompile Include="pilot.x\Obstacle.c">
      <Filter>Fichiers sources</Filter>
    </ClCompile>
    <ClCompile Include="pilot.x\Odometry.c">
      <Filter>Fichiers sources</Filter>
    </ClCompile>
    <ClCompile Include="pilot.x\PILOT_hardware.c">
      <Filter>Fichiers sources</Filter>
    </ClCompile>
    <ClCompile Include="pilot.x\PILOT_main.c">
      <Filter>Fichiers sources</Filter>
    </ClCompile>
    <ClCompile Include="pilot.x\Strategy.c">
      <Filter>Fichiers sources</Filter>
    </ClCompile>
    <ClCompile Include="pilot.x\Timer.c">
      <Filter>Fichiers sources</Filter>
    </ClCompile>
    <ClCompile Include="pilot.x\Trajectory.c">
      <Filter>Fichiers sources</Filter>
    </ClCompile>
    <ClCompile Include="pilot.x\Mapping.c">
      <Filter>Fichiers sources\PathPlanning</Filter>
    </ClCompile>
    <ClCompile Include="pilot.x\Node.c">
      <Filter>Fichiers sources\PathPlanning</Filter>
    </ClCompile>
    <ClCompile Include="pilot.x\Path_Finding.c">
      <Filter>Fichiers sources\PathPlanning</Filter>
    </ClCompile>
    <ClCompile Include="pilot.x\List.c">
      <Filter>Fichiers sources\PathPlanning</Filter>
    </ClCompile>
    <ClCompile Include="Firmware.cpp" />
    <ClCompile Include="pilot.x\Uart.c">
      <Filter>Fichiers sources</Filter>
    </ClCompile>
    <ClCompile Include="Serial.cpp" />
    <ClCompile Include="pilot.x\Lidar.c">
      <Filter>Fichiers sources</Filter>
    </ClCompile>
    <ClCompile Include="MecapitronicLibrary\Sources\DELAY_module.c">
      <Filter>MecapitronicLibrary\Sources</Filter>
    </ClCompile>
    <ClCompile Include="MecapitronicLibrary\Sources\LCD_HD44780_module.c">
      <Filter>MecapitronicLibrary\Sources</Filter>
    </ClCompile>
    <ClCompile Include="MecapitronicLibrary\Sources\LIBRARY_module.c">
      <Filter>MecapitronicLibrary\Sources</Filter>
    </ClCompile>
    <ClCompile Include="MecapitronicLibrary\Sources\MOVE_module.c">
      <Filter>MecapitronicLibrary\Sources</Filter>
    </ClCompile>
    <ClCompile Include="MecapitronicLibrary\Sources\PID_module.c">
      <Filter>MecapitronicLibrary\Sources</Filter>
    </ClCompile>
    <ClCompile Include="MecapitronicLibrary\Sources\ADC_module.c">
      <Filter>MecapitronicLibrary\Sources</Filter>
    </ClCompile>
    <ClCompile Include="pilot.x\Map2024Jaune.c">
      <Filter>Fichiers sources\PathPlanning</Filter>
    </ClCompile>
    <ClCompile Include="pilot.x\Map2024Bleue.c">
      <Filter>Fichiers sources\PathPlanning</Filter>
    </ClCompile>
    <ClCompile Include="pilot.x\Sharp.c">
      <Filter>Fichiers sources</Filter>
    </ClCompile>
  </ItemGroup>
  <ItemGroup>
    <CopyFileToFolders Include="pthreads\dll\pthreadVC3.dll">
      <Filter>pthreads</Filter>
    </CopyFileToFolders>
  </ItemGroup>
</Project>